
Microsoft Visual Studio Solution File, Format Version 12.00
# Visual Studio Version 17
VisualStudioVersion = 17.6.33801.468
MinimumVisualStudioVersion = 10.0.40219.1
Project("{9A19103F-16F7-4668-BE54-9A1E7A4F7556}") = "SaidaDeDados", "Curso\SaidaDeDados.csproj", "{205D4992-1338-4FA6-A19F-28CD6667A386}"
EndProject
Project("{FAE04EC0-301F-11D3-BF4B-00C04F79EFBC}") = "EntradaDeDados", "EntradaDeDados\EntradaDeDados.csproj", "{5136620F-1E63-4AE6-BA61-103916954D8D}"
EndProject
Global
	GlobalSection(SolutionConfigurationPlatforms) = preSolution
		Debug|Any CPU = Debug|Any CPU
		Release|Any CPU = Release|Any CPU
	EndGlobalSection
	GlobalSection(ProjectConfigurationPlatforms) = postSolution
		{205D4992-1338-4FA6-A19F-28CD6667A386}.Debug|Any CPU.ActiveCfg = Debug|Any CPU
		{205D4992-1338-4FA6-A19F-28CD6667A386}.Debug|Any CPU.Build.0 = Debug|Any CPU
		{205D4992-1338-4FA6-A19F-28CD6667A386}.Release|Any CPU.ActiveCfg = Release|Any CPU
		{205D4992-1338-4FA6-A19F-28CD6667A386}.Release|Any CPU.Build.0 = Release|Any CPU
		{5136620F-1E63-4AE6-BA61-103916954D8D}.Debug|Any CPU.ActiveCfg = Debug|Any CPU
		{5136620F-1E63-4AE6-BA61-103916954D8D}.Debug|Any CPU.Build.0 = Debug|Any CPU
		{5136620F-1E63-4AE6-BA61-103916954D8D}.Release|Any CPU.ActiveCfg = Release|Any CPU
		{5136620F-1E63-4AE6-BA61-103916954D8D}.Release|Any CPU.Build.0 = Release|Any CPU
	EndGlobalSection
	GlobalSection(SolutionProperties) = preSolution
		HideSolutionNode = FALSE
	EndGlobalSection
	GlobalSection(ExtensibilityGlobals) = postSolution
		SolutionGuid = {CAD4D919-8E36-4FBA-8B26-43CE5FBC2F50}
	EndGlobalSection
EndGlobal
